// !$*UTF8*$!
{
	archiveVersion = 1;
	classes = {
	};
	objectVersion = 55;
	objects = {

/* Begin PBXBuildFile section */
		975C01CB27660AB400BB7172 /* AppDelegate.swift in Sources */ = {isa = PBXBuildFile; fileRef = 975C01CA27660AB400BB7172 /* AppDelegate.swift */; };
		975C01CD27660AB400BB7172 /* SceneDelegate.swift in Sources */ = {isa = PBXBuildFile; fileRef = 975C01CC27660AB400BB7172 /* SceneDelegate.swift */; };
		975C01CF27660AB400BB7172 /* ViewController.swift in Sources */ = {isa = PBXBuildFile; fileRef = 975C01CE27660AB400BB7172 /* ViewController.swift */; };
		975C01D227660AB400BB7172 /* Main.storyboard in Resources */ = {isa = PBXBuildFile; fileRef = 975C01D027660AB400BB7172 /* Main.storyboard */; };
		975C01D427660AB500BB7172 /* Assets.xcassets in Resources */ = {isa = PBXBuildFile; fileRef = 975C01D327660AB500BB7172 /* Assets.xcassets */; };
		975C01D727660AB500BB7172 /* LaunchScreen.storyboard in Resources */ = {isa = PBXBuildFile; fileRef = 975C01D527660AB500BB7172 /* LaunchScreen.storyboard */; };
		975C01E127660AF500BB7172 /* CarouseProgressView.swift in Sources */ = {isa = PBXBuildFile; fileRef = 975C01DF27660AF500BB7172 /* CarouseProgressView.swift */; };
		975C01E227660AF500BB7172 /* CarouselView.swift in Sources */ = {isa = PBXBuildFile; fileRef = 975C01E027660AF500BB7172 /* CarouselView.swift */; };
		975C01E427660B0E00BB7172 /* img2.jpg in Resources */ = {isa = PBXBuildFile; fileRef = 975C01E327660B0E00BB7172 /* img2.jpg */; };
		975C01E627660B1600BB7172 /* img3.jpg in Resources */ = {isa = PBXBuildFile; fileRef = 975C01E527660B1600BB7172 /* img3.jpg */; };
		975C01E827660B2300BB7172 /* img4.jpg in Resources */ = {isa = PBXBuildFile; fileRef = 975C01E727660B2300BB7172 /* img4.jpg */; };
/* End PBXBuildFile section */

/* Begin PBXFileReference section */
		975C01C727660AB400BB7172 /* EtherealCycle.app */ = {isa = PBXFileReference; explicitFileType = wrapper.application; includeInIndex = 0; path = EtherealCycle.app; sourceTree = BUILT_PRODUCTS_DIR; };
		975C01CA27660AB400BB7172 /* AppDelegate.swift */ = {isa = PBXFileReference; lastKnownFileType = sourcecode.swift; path = AppDelegate.swift; sourceTree = "<group>"; };
		975C01CC27660AB400BB7172 /* SceneDelegate.swift */ = {isa = PBXFileReference; lastKnownFileType = sourcecode.swift; path = SceneDelegate.swift; sourceTree = "<group>"; };
		975C01CE27660AB400BB7172 /* ViewController.swift */ = {isa = PBXFileReference; lastKnownFileType = sourcecode.swift; path = ViewController.swift; sourceTree = "<group>"; };
		975C01D127660AB400BB7172 /* Base */ = {isa = PBXFileReference; lastKnownFileType = file.storyboard; name = Base; path = Base.lproj/Main.storyboard; sourceTree = "<group>"; };
		975C01D327660AB500BB7172 /* Assets.xcassets */ = {isa = PBXFileReference; lastKnownFileType = folder.assetcatalog; path = Assets.xcassets; sourceTree = "<group>"; };
		975C01D627660AB500BB7172 /* Base */ = {isa = PBXFileReference; lastKnownFileType = file.storyboard; name = Base; path = Base.lproj/LaunchScreen.storyboard; sourceTree = "<group>"; };
		975C01D827660AB500BB7172 /* Info.plist */ = {isa = PBXFileReference; lastKnownFileType = text.plist.xml; path = Info.plist; sourceTree = "<group>"; };
		975C01DF27660AF500BB7172 /* CarouseProgressView.swift */ = {isa = PBXFileReference; fileEncoding = 4; lastKnownFileType = sourcecode.swift; path = CarouseProgressView.swift; sourceTree = "<group>"; };
		975C01E027660AF500BB7172 /* CarouselView.swift */ = {isa = PBXFileReference; fileEncoding = 4; lastKnownFileType = sourcecode.swift; path = CarouselView.swift; sourceTree = "<group>"; };
		975C01E327660B0E00BB7172 /* img2.jpg */ = {isa = PBXFileReference; lastKnownFileType = image.jpeg; path = img2.jpg; sourceTree = "<group>"; };
		975C01E527660B1600BB7172 /* img3.jpg */ = {isa = PBXFileReference; lastKnownFileType = image.jpeg; path = img3.jpg; sourceTree = "<group>"; };
		975C01E727660B2300BB7172 /* img4.jpg */ = {isa = PBXFileReference; lastKnownFileType = image.jpeg; path = img4.jpg; sourceTree = "<group>"; };
/* End PBXFileReference section */

/* Begin PBXFrameworksBuildPhase section */
		975C01C427660AB400BB7172 /* Frameworks */ = {
			isa = PBXFrameworksBuildPhase;
			buildActionMask = 2147483647;
			files = (
			);
			runOnlyForDeploymentPostprocessing = 0;
		};
/* End PBXFrameworksBuildPhase section */

/* Begin PBXGroup section */
		975C01BE27660AB400BB7172 = {
			isa = PBXGroup;
			children = (
				975C01C927660AB400BB7172 /* EtherealCycle */,
				975C01C827660AB400BB7172 /* Products */,
			);
			sourceTree = "<group>";
		};
		975C01C827660AB400BB7172 /* Products */ = {
			isa = PBXGroup;
			children = (
				975C01C727660AB400BB7172 /* EtherealCycle.app */,
			);
			name = Products;
			sourceTree = "<group>";
		};
		975C01C927660AB400BB7172 /* EtherealCycle */ = {
			isa = PBXGroup;
			children = (
				975C01E727660B2300BB7172 /* img4.jpg */,
				975C01E527660B1600BB7172 /* img3.jpg */,
				975C01E327660B0E00BB7172 /* img2.jpg */,
				975C01DE27660AF500BB7172 /* CarouselView */,
				975C01CA27660AB400BB7172 /* AppDelegate.swift */,
				975C01CC27660AB400BB7172 /* SceneDelegate.swift */,
				975C01CE27660AB400BB7172 /* ViewController.swift */,
				975C01D027660AB400BB7172 /* Main.storyboard */,
				975C01D327660AB500BB7172 /* Assets.xcassets */,
				975C01D527660AB500BB7172 /* LaunchScreen.storyboard */,
				975C01D827660AB500BB7172 /* Info.plist */,
			);
			path = EtherealCycle;
			sourceTree = "<group>";
		};
		975C01DE27660AF500BB7172 /* CarouselView */ = {
			isa = PBXGroup;
			children = (
				975C01DF27660AF500BB7172 /* CarouseProgressView.swift */,
				975C01E027660AF500BB7172 /* CarouselView.swift */,
			);
			path = CarouselView;
			sourceTree = "<group>";
		};
/* End PBXGroup section */

/* Begin PBXNativeTarget section */
		975C01C627660AB400BB7172 /* EtherealCycle */ = {
			isa = PBXNativeTarget;
			buildConfigurationList = 975C01DB27660AB500BB7172 /* Build configuration list for PBXNativeTarget "EtherealCycle" */;
			buildPhases = (
				975C01C327660AB400BB7172 /* Sources */,
				975C01C427660AB400BB7172 /* Frameworks */,
				975C01C527660AB400BB7172 /* Resources */,
			);
			buildRules = (
			);
			dependencies = (
			);
			name = EtherealCycle;
			productName = EtherealCycle;
			productReference = 975C01C727660AB400BB7172 /* EtherealCycle.app */;
			productType = "com.apple.product-type.application";
		};
/* End PBXNativeTarget section */

/* Begin PBXProject section */
		975C01BF27660AB400BB7172 /* Project object */ = {
			isa = PBXProject;
			attributes = {
				BuildIndependentTargetsInParallel = 1;
				LastSwiftUpdateCheck = 1310;
				LastUpgradeCheck = 1310;
				TargetAttributes = {
					975C01C627660AB400BB7172 = {
						CreatedOnToolsVersion = 13.1;
					};
				};
			};
			buildConfigurationList = 975C01C227660AB400BB7172 /* Build configuration list for PBXProject "EtherealCycle" */;
			compatibilityVersion = "Xcode 13.0";
			developmentRegion = en;
			hasScannedForEncodings = 0;
			knownRegions = (
				en,
				Base,
			);
			mainGroup = 975C01BE27660AB400BB7172;
			productRefGroup = 975C01C827660AB400BB7172 /* Products */;
			projectDirPath = "";
			projectRoot = "";
			targets = (
				975C01C627660AB400BB7172 /* EtherealCycle */,
			);
		};
/* End PBXProject section */

/* Begin PBXResourcesBuildPhase section */
		975C01C527660AB400BB7172 /* Resources */ = {
			isa = PBXResourcesBuildPhase;
			buildActionMask = 2147483647;
			files = (
				975C01D727660AB500BB7172 /* LaunchScreen.storyboard in Resources */,
				975C01E627660B1600BB7172 /* img3.jpg in Resources */,
				975C01D427660AB500BB7172 /* Assets.xcassets in Resources */,
				975C01E427660B0E00BB7172 /* img2.jpg in Resources */,
				975C01E827660B2300BB7172 /* img4.jpg in Resources */,
				975C01D227660AB400BB7172 /* Main.storyboard in Resources */,
			);
			runOnlyForDeploymentPostprocessing = 0;
		};
/* End PBXResourcesBuildPhase section */

/* Begin PBXSourcesBuildPhase section */
		975C01C327660AB400BB7172 /* Sources */ = {
			isa = PBXSourcesBuildPhase;
			buildActionMask = 2147483647;
			files = (
				975C01E227660AF500BB7172 /* CarouselView.swift in Sources */,
				975C01CF27660AB400BB7172 /* ViewController.swift in Sources */,
				975C01CB27660AB400BB7172 /* AppDelegate.swift in Sources */,
				975C01E127660AF500BB7172 /* CarouseProgressView.swift in Sources */,
				975C01CD27660AB400BB7172 /* SceneDelegate.swift in Sources */,
			);
			runOnlyForDeploymentPostprocessing = 0;
		};
/* End PBXSourcesBuildPhase section */

/* Begin PBXVariantGroup section */
		975C01D027660AB400BB7172 /* Main.storyboard */ = {
			isa = PBXVariantGroup;
			children = (
				975C01D127660AB400BB7172 /* Base */,
			);
			name = Main.storyboard;
			sourceTree = "<group>";
		};
		975C01D527660AB500BB7172 /* LaunchScreen.storyboard */ = {
			isa = PBXVariantGroup;
			children = (
				975C01D627660AB500BB7172 /* Base */,
			);
			name = LaunchScreen.storyboard;
			sourceTree = "<group>";
		};
/* End PBXVariantGroup section */

/* Begin XCBuildConfiguration section */
		975C01D927660AB500BB7172 /* Debug */ = {
			isa = XCBuildConfiguration;
			buildSettings = {
				ALWAYS_SEARCH_USER_PATHS = NO;
				CLANG_ANALYZER_NONNULL = YES;
				CLANG_ANALYZER_NUMBER_OBJECT_CONVERSION = YES_AGGRESSIVE;
				CLANG_CXX_LANGUAGE_STANDARD = "gnu++17";
				CLANG_CXX_LIBRARY = "libc++";
				CLANG_ENABLE_MODULES = YES;
				CLANG_ENABLE_OBJC_ARC = YES;
				CLANG_ENABLE_OBJC_WEAK = YES;
				CLANG_WARN_BLOCK_CAPTURE_AUTORELEASING = YES;
				CLANG_WARN_BOOL_CONVERSION = YES;
				CLANG_WARN_COMMA = YES;
				CLANG_WARN_CONSTANT_CONVERSION = YES;
				CLANG_WARN_DEPRECATED_OBJC_IMPLEMENTATIONS = YES;
				CLANG_WARN_DIRECT_OBJC_ISA_USAGE = YES_ERROR;
				CLANG_WARN_DOCUMENTATION_COMMENTS = YES;
				CLANG_WARN_EMPTY_BODY = YES;
				CLANG_WARN_ENUM_CONVERSION = YES;
				CLANG_WARN_INFINITE_RECURSION = YES;
				CLANG_WARN_INT_CONVERSION = YES;
				CLANG_WARN_NON_LITERAL_NULL_CONVERSION = YES;
				CLANG_WARN_OBJC_IMPLICIT_RETAIN_SELF = YES;
				CLANG_WARN_OBJC_LITERAL_CONVERSION = YES;
				CLANG_WARN_OBJC_ROOT_CLASS = YES_ERROR;
				CLANG_WARN_QUOTED_INCLUDE_IN_FRAMEWORK_HEADER = YES;
				CLANG_WARN_RANGE_LOOP_ANALYSIS = YES;
				CLANG_WARN_STRICT_PROTOTYPES = YES;
				CLANG_WARN_SUSPICIOUS_MOVE = YES;
				CLANG_WARN_UNGUARDED_AVAILABILITY = YES_AGGRESSIVE;
				CLANG_WARN_UNREACHABLE_CODE = YES;
				CLANG_WARN__DUPLICATE_METHOD_MATCH = YES;
				COPY_PHASE_STRIP = NO;
				DEBUG_INFORMATION_FORMAT = dwarf;
				ENABLE_STRICT_OBJC_MSGSEND = YES;
				ENABLE_TESTABILITY = YES;
				GCC_C_LANGUAGE_STANDARD = gnu11;
				GCC_DYNAMIC_NO_PIC = NO;
				GCC_NO_COMMON_BLOCKS = YES;
				GCC_OPTIMIZATION_LEVEL = 0;
				GCC_PREPROCESSOR_DEFINITIONS = (
					"DEBUG=1",
					"$(inherited)",
				);
				GCC_WARN_64_TO_32_BIT_CONVERSION = YES;
				GCC_WARN_ABOUT_RETURN_TYPE = YES_ERROR;
				GCC_WARN_UNDECLARED_SELECTOR = YES;
				GCC_WARN_UNINITIALIZED_AUTOS = YES_AGGRESSIVE;
				GCC_WARN_UNUSED_FUNCTION = YES;
				GCC_WARN_UNUSED_VARIABLE = YES;
				IPHONEOS_DEPLOYMENT_TARGET = 15.0;
				MTL_ENABLE_DEBUG_INFO = INCLUDE_SOURCE;
				MTL_FAST_MATH = YES;
				ONLY_ACTIVE_ARCH = YES;
				SDKROOT = iphoneos;
				SWIFT_ACTIVE_COMPILATION_CONDITIONS = DEBUG;
				SWIFT_OPTIMIZATION_LEVEL = "-Onone";
			};
			name = Debug;
		};
		975C01DA27660AB500BB7172 /* Release */ = {
			isa = XCBuildConfiguration;
			buildSettings = {
				ALWAYS_SEARCH_USER_PATHS = NO;
				CLANG_ANALYZER_NONNULL = YES;
				CLANG_ANALYZER_NUMBER_OBJECT_CONVERSION = YES_AGGRESSIVE;
				CLANG_CXX_LANGUAGE_STANDARD = "gnu++17";
				CLANG_CXX_LIBRARY = "libc++";
				CLANG_ENABLE_MODULES = YES;
				CLANG_ENABLE_OBJC_ARC = YES;
				CLANG_ENABLE_OBJC_WEAK = YES;
				CLANG_WARN_BLOCK_CAPTURE_AUTORELEASING = YES;
				CLANG_WARN_BOOL_CONVERSION = YES;
				CLANG_WARN_COMMA = YES;
				CLANG_WARN_CONSTANT_CONVERSION = YES;
				CLANG_WARN_DEPRECATED_OBJC_IMPLEMENTATIONS = YES;
				CLANG_WARN_DIRECT_OBJC_ISA_USAGE = YES_ERROR;
				CLANG_WARN_DOCUMENTATION_COMMENTS = YES;
				CLANG_WARN_EMPTY_BODY = YES;
				CLANG_WARN_ENUM_CONVERSION = YES;
				CLANG_WARN_INFINITE_RECURSION = YES;
				CLANG_WARN_INT_CONVERSION = YES;
				CLANG_WARN_NON_LITERAL_NULL_CONVERSION = YES;
				CLANG_WARN_OBJC_IMPLICIT_RETAIN_SELF = YES;
				CLANG_WARN_OBJC_LITERAL_CONVERSION = YES;
				CLANG_WARN_OBJC_ROOT_CLASS = YES_ERROR;
				CLANG_WARN_QUOTED_INCLUDE_IN_FRAMEWORK_HEADER = YES;
				CLANG_WARN_RANGE_LOOP_ANALYSIS = YES;
				CLANG_WARN_STRICT_PROTOTYPES = YES;
				CLANG_WARN_SUSPICIOUS_MOVE = YES;
				CLANG_WARN_UNGUARDED_AVAILABILITY = YES_AGGRESSIVE;
				CLANG_WARN_UNREACHABLE_CODE = YES;
				CLANG_WARN__DUPLICATE_METHOD_MATCH = YES;
				COPY_PHASE_STRIP = NO;
				DEBUG_INFORMATION_FORMAT = "dwarf-with-dsym";
				ENABLE_NS_ASSERTIONS = NO;
				ENABLE_STRICT_OBJC_MSGSEND = YES;
				GCC_C_LANGUAGE_STANDARD = gnu11;
				GCC_NO_COMMON_BLOCKS = YES;
				GCC_WARN_64_TO_32_BIT_CONVERSION = YES;
				GCC_WARN_ABOUT_RETURN_TYPE = YES_ERROR;
				GCC_WARN_UNDECLARED_SELECTOR = YES;
				GCC_WARN_UNINITIALIZED_AUTOS = YES_AGGRESSIVE;
				GCC_WARN_UNUSED_FUNCTION = YES;
				GCC_WARN_UNUSED_VARIABLE = YES;
				IPHONEOS_DEPLOYMENT_TARGET = 15.0;
				MTL_ENABLE_DEBUG_INFO = NO;
				MTL_FAST_MATH = YES;
				SDKROOT = iphoneos;
				SWIFT_COMPILATION_MODE = wholemodule;
				SWIFT_OPTIMIZATION_LEVEL = "-O";
				VALIDATE_PRODUCT = YES;
			};
			name = Release;
		};
		975C01DC27660AB500BB7172 /* Debug */ = {
			isa = XCBuildConfiguration;
			buildSettings = {
				ASSETCATALOG_COMPILER_APPICON_NAME = AppIcon;
				ASSETCATALOG_COMPILER_GLOBAL_ACCENT_COLOR_NAME = AccentColor;
				CODE_SIGN_STYLE = Automatic;
				CURRENT_PROJECT_VERSION = 1;
				DEVELOPMENT_TEAM = PL74UR9V7H;
				GENERATE_INFOPLIST_FILE = YES;
				INFOPLIST_FILE = EtherealCycle/Info.plist;
				INFOPLIST_KEY_UIApplicationSupportsIndirectInputEvents = YES;
				INFOPLIST_KEY_UILaunchStoryboardName = LaunchScreen;
				INFOPLIST_KEY_UIMainStoryboardFile = Main;
				INFOPLIST_KEY_UISupportedInterfaceOrientations_iPad = "UIInterfaceOrientationPortrait UIInterfaceOrientationPortraitUpsideDown UIInterfaceOrientationLandscapeLeft UIInterfaceOrientationLandscapeRight";
				INFOPLIST_KEY_UISupportedInterfaceOrientations_iPhone = "UIInterfaceOrientationPortrait UIInterfaceOrientationLandscapeLeft UIInterfaceOrientationLandscapeRight";
				LD_RUNPATH_SEARCH_PATHS = (
					"$(inherited)",
					"@executable_path/Frameworks",
				);
				MARKETING_VERSION = 1.0;
				PRODUCT_BUNDLE_IDENTIFIER = llf.EtherealCycle;
				PRODUCT_NAME = "$(TARGET_NAME)";
				SWIFT_EMIT_LOC_STRINGS = YES;
				SWIFT_VERSION = 5.0;
				TARGETED_DEVICE_FAMILY = "1,2";
			};
			name = Debug;
		};
		975C01DD27660AB500BB7172 /* Release */ = {
			isa = XCBuildConfiguration;
			buildSettings = {
				ASSETCATALOG_COMPILER_APPICON_NAME = AppIcon;
				ASSETCATALOG_COMPILER_GLOBAL_ACCENT_COLOR_NAME = AccentColor;
				CODE_SIGN_STYLE = Automatic;
				CURRENT_PROJECT_VERSION = 1;
				DEVELOPMENT_TEAM = PL74UR9V7H;
				GENERATE_INFOPLIST_FILE = YES;
				INFOPLIST_FILE = EtherealCycle/Info.plist;
				INFOPLIST_KEY_UIApplicationSupportsIndirectInputEvents = YES;
				INFOPLIST_KEY_UILaunchStoryboardName = LaunchScreen;
				INFOPLIST_KEY_UIMainStoryboardFile = Main;
				INFOPLIST_KEY_UISupportedInterfaceOrientations_iPad = "UIInterfaceOrientationPortrait UIInterfaceOrientationPortraitUpsideDown UIInterfaceOrientationLandscapeLeft UIInterfaceOrientationLandscapeRight";
				INFOPLIST_KEY_UISupportedInterfaceOrientations_iPhone = "UIInterfaceOrientationPortrait UIInterfaceOrientationLandscapeLeft UIInterfaceOrientationLandscapeRight";
				LD_RUNPATH_SEARCH_PATHS = (
					"$(inherited)",
					"@executable_path/Frameworks",
				);
				MARKETING_VERSION = 1.0;
				PRODUCT_BUNDLE_IDENTIFIER = llf.EtherealCycle;
				PRODUCT_NAME = "$(TARGET_NAME)";
				SWIFT_EMIT_LOC_STRINGS = YES;
				SWIFT_VERSION = 5.0;
				TARGETED_DEVICE_FAMILY = "1,2";
			};
			name = Release;
		};
/* End XCBuildConfiguration section */

/* Begin XCConfigurationList section */
		975C01C227660AB400BB7172 /* Build configuration list for PBXProject "EtherealCycle" */ = {
			isa = XCConfigurationList;
			buildConfigurations = (
				975C01D927660AB500BB7172 /* Debug */,
				975C01DA27660AB500BB7172 /* Release */,
			);
			defaultConfigurationIsVisible = 0;
			defaultConfigurationName = Release;
		};
		975C01DB27660AB500BB7172 /* Build configuration list for PBXNativeTarget "EtherealCycle" */ = {
			isa = XCConfigurationList;
			buildConfigurations = (
				975C01DC27660AB500BB7172 /* Debug */,
				975C01DD27660AB500BB7172 /* Release */,
			);
			defaultConfigurationIsVisible = 0;
			defaultConfigurationName = Release;
		};
/* End XCConfigurationList section */
	};
	rootObject = 975C01BF27660AB400BB7172 /* Project object */;
}
